
Microsoft Visual Studio Solution File, Format Version 12.00
# Visual Studio Version 16
VisualStudioVersion = 16.0.31515.178
MinimumVisualStudioVersion = 10.0.40219.1
Project("{2150E333-8FDC-42A3-9474-1A3956D46DE8}") = "src", "src", "{C036E8B4-3BF4-4F40-992C-E722C59A8A3F}"
EndProject
Project("{9A19103F-16F7-4668-BE54-9A1E7A4F7556}") = "VDsoft.Cqrs", "src\VDsoft.Cqrs\VDsoft.Cqrs.csproj", "{DB1D20B0-3445-4403-BE7A-0284C6499367}"
EndProject
Project("{2150E333-8FDC-42A3-9474-1A3956D46DE8}") = "pipeline", "pipeline", "{66EF111B-B3AC-482A-B647-E7DB45445914}"
	ProjectSection(SolutionItems) = preProject
		Gated.yml = Gated.yml
	EndProjectSection
EndProject
Project("{9A19103F-16F7-4668-BE54-9A1E7A4F7556}") = "VDsoft.Cqrs.DependencyInjectionExtension", "src\VDsoft.Cqrs.dependencyInjectionExtension\VDsoft.Cqrs.DependencyInjectionExtension.csproj", "{F6E07E4F-ACC2-4313-B0F7-B8547F1E88F4}"
EndProject
Project("{2150E333-8FDC-42A3-9474-1A3956D46DE8}") = "Solution Items", "Solution Items", "{93A0F81E-32B7-49DB-841A-600BE58D4B37}"
	ProjectSection(SolutionItems) = preProject
		.editorconfig = .editorconfig
		.gitignore = .gitignore
		README.md = README.md
	EndProjectSection
EndProject
Project("{2150E333-8FDC-42A3-9474-1A3956D46DE8}") = ".github", ".github", "{33761823-DC26-458B-82F0-13C1A51EEDF7}"
EndProject
Project("{2150E333-8FDC-42A3-9474-1A3956D46DE8}") = "workflows", "workflows", "{4DBA9864-1EFA-4C7D-8E6D-07AA012E8198}"
	ProjectSection(SolutionItems) = preProject
		.github\workflows\gated.yml = .github\workflows\gated.yml
		.github\workflows\publishNuget.yml = .github\workflows\publishNuget.yml
	EndProjectSection
EndProject
Global
	GlobalSection(SolutionConfigurationPlatforms) = preSolution
		CQRS|Any CPU = CQRS|Any CPU
		Debug|Any CPU = Debug|Any CPU
		DependencyInjection|Any CPU = DependencyInjection|Any CPU
		Release|Any CPU = Release|Any CPU
	EndGlobalSection
	GlobalSection(ProjectConfigurationPlatforms) = postSolution
		{DB1D20B0-3445-4403-BE7A-0284C6499367}.CQRS|Any CPU.ActiveCfg = CQRS|Any CPU
		{DB1D20B0-3445-4403-BE7A-0284C6499367}.CQRS|Any CPU.Build.0 = CQRS|Any CPU
		{DB1D20B0-3445-4403-BE7A-0284C6499367}.Debug|Any CPU.ActiveCfg = Debug|Any CPU
		{DB1D20B0-3445-4403-BE7A-0284C6499367}.Debug|Any CPU.Build.0 = Debug|Any CPU
		{DB1D20B0-3445-4403-BE7A-0284C6499367}.DependencyInjection|Any CPU.ActiveCfg = DependencyInjection|Any CPU
		{DB1D20B0-3445-4403-BE7A-0284C6499367}.DependencyInjection|Any CPU.Build.0 = DependencyInjection|Any CPU
		{DB1D20B0-3445-4403-BE7A-0284C6499367}.Release|Any CPU.ActiveCfg = Release|Any CPU
		{DB1D20B0-3445-4403-BE7A-0284C6499367}.Release|Any CPU.Build.0 = Release|Any CPU
		{F6E07E4F-ACC2-4313-B0F7-B8547F1E88F4}.CQRS|Any CPU.ActiveCfg = CQRS|Any CPU
		{F6E07E4F-ACC2-4313-B0F7-B8547F1E88F4}.Debug|Any CPU.ActiveCfg = Debug|Any CPU
		{F6E07E4F-ACC2-4313-B0F7-B8547F1E88F4}.Debug|Any CPU.Build.0 = Debug|Any CPU
		{F6E07E4F-ACC2-4313-B0F7-B8547F1E88F4}.DependencyInjection|Any CPU.ActiveCfg = DependencyInjection|Any CPU
		{F6E07E4F-ACC2-4313-B0F7-B8547F1E88F4}.DependencyInjection|Any CPU.Build.0 = DependencyInjection|Any CPU
		{F6E07E4F-ACC2-4313-B0F7-B8547F1E88F4}.Release|Any CPU.ActiveCfg = Release|Any CPU
		{F6E07E4F-ACC2-4313-B0F7-B8547F1E88F4}.Release|Any CPU.Build.0 = Release|Any CPU
	EndGlobalSection
	GlobalSection(SolutionProperties) = preSolution
		HideSolutionNode = FALSE
	EndGlobalSection
	GlobalSection(NestedProjects) = preSolution
		{DB1D20B0-3445-4403-BE7A-0284C6499367} = {C036E8B4-3BF4-4F40-992C-E722C59A8A3F}
		{F6E07E4F-ACC2-4313-B0F7-B8547F1E88F4} = {C036E8B4-3BF4-4F40-992C-E722C59A8A3F}
		{4DBA9864-1EFA-4C7D-8E6D-07AA012E8198} = {33761823-DC26-458B-82F0-13C1A51EEDF7}
	EndGlobalSection
	GlobalSection(ExtensibilityGlobals) = postSolution
		SolutionGuid = {5FD7A8B4-CC3E-433B-BD36-A152D401696B}
	EndGlobalSection
EndGlobal
